// !$*UTF8*$!
{
	archiveVersion = 1;
	classes = {
	};
	objectVersion = 46;
	objects = {

/* Begin PBXBuildFile section */
		399BB5B5171B9ECC00A133D6 /* UIKit.framework in Frameworks */ = {isa = PBXBuildFile; fileRef = 399BB5B4171B9ECC00A133D6 /* UIKit.framework */; };
		399BB5B7171B9ECC00A133D6 /* Foundation.framework in Frameworks */ = {isa = PBXBuildFile; fileRef = 399BB5B6171B9ECC00A133D6 /* Foundation.framework */; };
		399BB5B9171B9ECC00A133D6 /* CoreGraphics.framework in Frameworks */ = {isa = PBXBuildFile; fileRef = 399BB5B8171B9ECC00A133D6 /* CoreGraphics.framework */; };
		399BB5BF171B9ECC00A133D6 /* InfoPlist.strings in Resources */ = {isa = PBXBuildFile; fileRef = 399BB5BD171B9ECC00A133D6 /* InfoPlist.strings */; };
		399BB5C1171B9ECC00A133D6 /* main.m in Sources */ = {isa = PBXBuildFile; fileRef = 399BB5C0171B9ECC00A133D6 /* main.m */; };
		399BB5C5171B9ECC00A133D6 /* AppDelegate.m in Sources */ = {isa = PBXBuildFile; fileRef = 399BB5C4171B9ECC00A133D6 /* AppDelegate.m */; };
		399BB5C7171B9ECC00A133D6 /* Default.png in Resources */ = {isa = PBXBuildFile; fileRef = 399BB5C6171B9ECC00A133D6 /* Default.png */; };
		399BB5C9171B9ECC00A133D6 /* Default@2x.png in Resources */ = {isa = PBXBuildFile; fileRef = 399BB5C8171B9ECC00A133D6 /* Default@2x.png */; };
		399BB5CB171B9ECC00A133D6 /* Default-568h@2x.png in Resources */ = {isa = PBXBuildFile; fileRef = 399BB5CA171B9ECC00A133D6 /* Default-568h@2x.png */; };
		399BB5CE171B9ECC00A133D6 /* ViewController.m in Sources */ = {isa = PBXBuildFile; fileRef = 399BB5CD171B9ECC00A133D6 /* ViewController.m */; };
		399BB5D1171B9ECC00A133D6 /* ViewController.xib in Resources */ = {isa = PBXBuildFile; fileRef = 399BB5CF171B9ECC00A133D6 /* ViewController.xib */; };
		F1384596171C47F700E65047 /* bg.png in Resources */ = {isa = PBXBuildFile; fileRef = F1384595171C47F700E65047 /* bg.png */; };
		F1384599171C492C00E65047 /* line.png in Resources */ = {isa = PBXBuildFile; fileRef = F1384597171C492C00E65047 /* line.png */; };
		F138459A171C492C00E65047 /* nav.png in Resources */ = {isa = PBXBuildFile; fileRef = F1384598171C492C00E65047 /* nav.png */; };
		F138459C171C493900E65047 /* topback.png in Resources */ = {isa = PBXBuildFile; fileRef = F138459B171C493900E65047 /* topback.png */; };
		F138459F171C494900E65047 /* xiala.png in Resources */ = {isa = PBXBuildFile; fileRef = F138459D171C494900E65047 /* xiala.png */; };
		F13845A0171C494900E65047 /* you.png in Resources */ = {isa = PBXBuildFile; fileRef = F138459E171C494900E65047 /* you.png */; };
		F13845A8171C4DAF00E65047 /* DataCenter.m in Sources */ = {isa = PBXBuildFile; fileRef = F13845A3171C4DAF00E65047 /* DataCenter.m */; };
		F13845A9171C4DAF00E65047 /* ContactClass.m in Sources */ = {isa = PBXBuildFile; fileRef = F13845A5171C4DAF00E65047 /* ContactClass.m */; };
		F13845AA171C4DAF00E65047 /* BackgroundService.m in Sources */ = {isa = PBXBuildFile; fileRef = F13845A7171C4DAF00E65047 /* BackgroundService.m */; };
		F13845B0171C4E0900E65047 /* Waiting.m in Sources */ = {isa = PBXBuildFile; fileRef = F13845AD171C4E0900E65047 /* Waiting.m */; };
		F13845B1171C4E0900E65047 /* Waiting.xib in Resources */ = {isa = PBXBuildFile; fileRef = F13845AE171C4E0900E65047 /* Waiting.xib */; };
		F13845B2171C4E0900E65047 /* SendSmsTip.xib in Resources */ = {isa = PBXBuildFile; fileRef = F13845AF171C4E0900E65047 /* SendSmsTip.xib */; };
		F13845BD171C4E5A00E65047 /* SectionHeader.m in Sources */ = {isa = PBXBuildFile; fileRef = F13845B5171C4E5A00E65047 /* SectionHeader.m */; };
		F13845BE171C4E5A00E65047 /* SectionHeader.xib in Resources */ = {isa = PBXBuildFile; fileRef = F13845B6171C4E5A00E65047 /* SectionHeader.xib */; };
		F13845BF171C4E5A00E65047 /* CommonUse.m in Sources */ = {isa = PBXBuildFile; fileRef = F13845B8171C4E5A00E65047 /* CommonUse.m */; };
		F13845C0171C4E5A00E65047 /* CommonUse.xib in Resources */ = {isa = PBXBuildFile; fileRef = F13845B9171C4E5A00E65047 /* CommonUse.xib */; };
		F13845C1171C4E5A00E65047 /* NewCommonItem.m in Sources */ = {isa = PBXBuildFile; fileRef = F13845BB171C4E5A00E65047 /* NewCommonItem.m */; };
		F13845C2171C4E5A00E65047 /* NewCommonItem.xib in Resources */ = {isa = PBXBuildFile; fileRef = F13845BC171C4E5A00E65047 /* NewCommonItem.xib */; };
		F13845C6171C4E7800E65047 /* FriendTableCell.m in Sources */ = {isa = PBXBuildFile; fileRef = F13845C4171C4E7800E65047 /* FriendTableCell.m */; };
		F13845C7171C4E7800E65047 /* FriendTableCell.xib in Resources */ = {isa = PBXBuildFile; fileRef = F13845C5171C4E7800E65047 /* FriendTableCell.xib */; };
		F13845C9171C543E00E65047 /* head.png in Resources */ = {isa = PBXBuildFile; fileRef = F13845C8171C543E00E65047 /* head.png */; };
		F13845CB171C54D300E65047 /* arrow.png in Resources */ = {isa = PBXBuildFile; fileRef = F13845CA171C54D300E65047 /* arrow.png */; };
		F13845CF171C562400E65047 /* PersonCenter.m in Sources */ = {isa = PBXBuildFile; fileRef = F13845CD171C562400E65047 /* PersonCenter.m */; };
		F13845D0171C562400E65047 /* PersonCenter.xib in Resources */ = {isa = PBXBuildFile; fileRef = F13845CE171C562400E65047 /* PersonCenter.xib */; };
		F19F35C2171D8AEB00784431 /* xla.png in Resources */ = {isa = PBXBuildFile; fileRef = F19F35C1171D8AEB00784431 /* xla.png */; };
		F19F35C4171D8B0600784431 /* bubbleSelf.png in Resources */ = {isa = PBXBuildFile; fileRef = F19F35C3171D8B0600784431 /* bubbleSelf.png */; };
		F19F35C6171D8B1F00784431 /* jt.png in Resources */ = {isa = PBXBuildFile; fileRef = F19F35C5171D8B1F00784431 /* jt.png */; };
		F19F35C8171D8B3900784431 /* kuang.png in Resources */ = {isa = PBXBuildFile; fileRef = F19F35C7171D8B3900784431 /* kuang.png */; };
		F19F35CA171D8B4400784431 /* buttonBG.png in Resources */ = {isa = PBXBuildFile; fileRef = F19F35C9171D8B4400784431 /* buttonBG.png */; };
		F19F35CC171D8B4B00784431 /* tj.png in Resources */ = {isa = PBXBuildFile; fileRef = F19F35CB171D8B4B00784431 /* tj.png */; };
		F19F35CE171D8FA200784431 /* xk.png in Resources */ = {isa = PBXBuildFile; fileRef = F19F35CD171D8FA200784431 /* xk.png */; };
		F19F35D1171D91EF00784431 /* search.png in Resources */ = {isa = PBXBuildFile; fileRef = F19F35CF171D91EE00784431 /* search.png */; };
		F19F35D2171D91EF00784431 /* toolbar_find.png in Resources */ = {isa = PBXBuildFile; fileRef = F19F35D0171D91EE00784431 /* toolbar_find.png */; };
		F19F35D4171D964700784431 /* wordsDic.plist in Resources */ = {isa = PBXBuildFile; fileRef = F19F35D3171D964600784431 /* wordsDic.plist */; };
		F19F35D6171D96FD00784431 /* AddressBook.framework in Frameworks */ = {isa = PBXBuildFile; fileRef = F19F35D5171D96FD00784431 /* AddressBook.framework */; };
		F19F35D8171D971600784431 /* AddressBookUI.framework in Frameworks */ = {isa = PBXBuildFile; fileRef = F19F35D7171D971600784431 /* AddressBookUI.framework */; };
		F19F35DA171D971F00784431 /* MessageUI.framework in Frameworks */ = {isa = PBXBuildFile; fileRef = F19F35D9171D971F00784431 /* MessageUI.framework */; };
		F19F35EC171D97D000784431 /* bddh.png in Resources */ = {isa = PBXBuildFile; fileRef = F19F35DD171D97D000784431 /* bddh.png */; };
		F19F35ED171D97D000784431 /* button-hui.png in Resources */ = {isa = PBXBuildFile; fileRef = F19F35DE171D97D000784431 /* button-hui.png */; };
		F19F35EE171D97D000784431 /* fdx.png in Resources */ = {isa = PBXBuildFile; fileRef = F19F35DF171D97D000784431 /* fdx.png */; };
		F19F35EF171D97D000784431 /* fs.png in Resources */ = {isa = PBXBuildFile; fileRef = F19F35E0171D97D000784431 /* fs.png */; };
		F19F35F0171D97D000784431 /* ghtx.png in Resources */ = {isa = PBXBuildFile; fileRef = F19F35E1171D97D000784431 /* ghtx.png */; };
		F19F35F1171D97D000784431 /* k-bottom.png in Resources */ = {isa = PBXBuildFile; fileRef = F19F35E2171D97D000784431 /* k-bottom.png */; };
		F19F35F2171D97D000784431 /* k-center.png in Resources */ = {isa = PBXBuildFile; fileRef = F19F35E3171D97D000784431 /* k-center.png */; };
		F19F35F3171D97D000784431 /* k-top.png in Resources */ = {isa = PBXBuildFile; fileRef = F19F35E4171D97D000784431 /* k-top.png */; };
		F19F35F5171D97D000784431 /* Personline.png in Resources */ = {isa = PBXBuildFile; fileRef = F19F35E6171D97D000784431 /* Personline.png */; };
		F19F35F6171D97D000784431 /* phone.png in Resources */ = {isa = PBXBuildFile; fileRef = F19F35E7171D97D000784431 /* phone.png */; };
		F19F35F7171D97D000784431 /* rignt-green.png in Resources */ = {isa = PBXBuildFile; fileRef = F19F35E8171D97D000784431 /* rignt-green.png */; };
		F19F35F8171D97D000784431 /* rignt-hui.png in Resources */ = {isa = PBXBuildFile; fileRef = F19F35E9171D97D000784431 /* rignt-hui.png */; };
		F19F35F9171D97D000784431 /* xu-left-and-right.png in Resources */ = {isa = PBXBuildFile; fileRef = F19F35EA171D97D000784431 /* xu-left-and-right.png */; };
		F19F35FA171D97D000784431 /* xu-top and bottom.png in Resources */ = {isa = PBXBuildFile; fileRef = F19F35EB171D97D000784431 /* xu-top and bottom.png */; };
		F19F35FC171D97DC00784431 /* person.png in Resources */ = {isa = PBXBuildFile; fileRef = F19F35FB171D97DC00784431 /* person.png */; };
		F19F3601171D9EA800784431 /* PersonCell.m in Sources */ = {isa = PBXBuildFile; fileRef = F19F3600171D9EA800784431 /* PersonCell.m */; };
		F19F3603171D9F5000784431 /* PersonCell.xib in Resources */ = {isa = PBXBuildFile; fileRef = F19F3602171D9F5000784431 /* PersonCell.xib */; };
		F1C04671171EF38800CB0B23 /* search-1.png in Resources */ = {isa = PBXBuildFile; fileRef = F1C04670171EF38800CB0B23 /* search-1.png */; };
		F1C04673171EF85C00CB0B23 /* tip.png in Resources */ = {isa = PBXBuildFile; fileRef = F1C04672171EF85C00CB0B23 /* tip.png */; };
		F1C04677171EF8E300CB0B23 /* SearchViewController.m in Sources */ = {isa = PBXBuildFile; fileRef = F1C04675171EF8E300CB0B23 /* SearchViewController.m */; };
		F1C04678171EF8E300CB0B23 /* SearchViewController.xib in Resources */ = {isa = PBXBuildFile; fileRef = F1C04676171EF8E300CB0B23 /* SearchViewController.xib */; };
/* End PBXBuildFile section */

/* Begin PBXFileReference section */
		399BB5B1171B9ECC00A133D6 /* PhoneLocation.app */ = {isa = PBXFileReference; explicitFileType = wrapper.application; includeInIndex = 0; path = PhoneLocation.app; sourceTree = BUILT_PRODUCTS_DIR; };
		399BB5B4171B9ECC00A133D6 /* UIKit.framework */ = {isa = PBXFileReference; lastKnownFileType = wrapper.framework; name = UIKit.framework; path = System/Library/Frameworks/UIKit.framework; sourceTree = SDKROOT; };
		399BB5B6171B9ECC00A133D6 /* Foundation.framework */ = {isa = PBXFileReference; lastKnownFileType = wrapper.framework; name = Foundation.framework; path = System/Library/Frameworks/Foundation.framework; sourceTree = SDKROOT; };
		399BB5B8171B9ECC00A133D6 /* CoreGraphics.framework */ = {isa = PBXFileReference; lastKnownFileType = wrapper.framework; name = CoreGraphics.framework; path = System/Library/Frameworks/CoreGraphics.framework; sourceTree = SDKROOT; };
		399BB5BC171B9ECC00A133D6 /* PhoneLocation-Info.plist */ = {isa = PBXFileReference; lastKnownFileType = text.plist.xml; path = "PhoneLocation-Info.plist"; sourceTree = "<group>"; };
		399BB5BE171B9ECC00A133D6 /* en */ = {isa = PBXFileReference; lastKnownFileType = text.plist.strings; name = en; path = en.lproj/InfoPlist.strings; sourceTree = "<group>"; };
		399BB5C0171B9ECC00A133D6 /* main.m */ = {isa = PBXFileReference; lastKnownFileType = sourcecode.c.objc; path = main.m; sourceTree = "<group>"; };
		399BB5C2171B9ECC00A133D6 /* PhoneLocation-Prefix.pch */ = {isa = PBXFileReference; lastKnownFileType = sourcecode.c.h; path = "PhoneLocation-Prefix.pch"; sourceTree = "<group>"; };
		399BB5C3171B9ECC00A133D6 /* AppDelegate.h */ = {isa = PBXFileReference; lastKnownFileType = sourcecode.c.h; path = AppDelegate.h; sourceTree = "<group>"; };
		399BB5C4171B9ECC00A133D6 /* AppDelegate.m */ = {isa = PBXFileReference; lastKnownFileType = sourcecode.c.objc; path = AppDelegate.m; sourceTree = "<group>"; };
		399BB5C6171B9ECC00A133D6 /* Default.png */ = {isa = PBXFileReference; lastKnownFileType = image.png; path = Default.png; sourceTree = "<group>"; };
		399BB5C8171B9ECC00A133D6 /* Default@2x.png */ = {isa = PBXFileReference; lastKnownFileType = image.png; path = "Default@2x.png"; sourceTree = "<group>"; };
		399BB5CA171B9ECC00A133D6 /* Default-568h@2x.png */ = {isa = PBXFileReference; lastKnownFileType = image.png; path = "Default-568h@2x.png"; sourceTree = "<group>"; };
		399BB5CC171B9ECC00A133D6 /* ViewController.h */ = {isa = PBXFileReference; lastKnownFileType = sourcecode.c.h; path = ViewController.h; sourceTree = "<group>"; };
		399BB5CD171B9ECC00A133D6 /* ViewController.m */ = {isa = PBXFileReference; lastKnownFileType = sourcecode.c.objc; path = ViewController.m; sourceTree = "<group>"; };
		399BB5D0171B9ECC00A133D6 /* en */ = {isa = PBXFileReference; lastKnownFileType = file.xib; name = en; path = en.lproj/ViewController.xib; sourceTree = "<group>"; };
		F1384595171C47F700E65047 /* bg.png */ = {isa = PBXFileReference; lastKnownFileType = image.png; path = bg.png; sourceTree = "<group>"; };
		F1384597171C492C00E65047 /* line.png */ = {isa = PBXFileReference; lastKnownFileType = image.png; path = line.png; sourceTree = "<group>"; };
		F1384598171C492C00E65047 /* nav.png */ = {isa = PBXFileReference; lastKnownFileType = image.png; path = nav.png; sourceTree = "<group>"; };
		F138459B171C493900E65047 /* topback.png */ = {isa = PBXFileReference; lastKnownFileType = image.png; path = topback.png; sourceTree = "<group>"; };
		F138459D171C494900E65047 /* xiala.png */ = {isa = PBXFileReference; lastKnownFileType = image.png; path = xiala.png; sourceTree = "<group>"; };
		F138459E171C494900E65047 /* you.png */ = {isa = PBXFileReference; lastKnownFileType = image.png; path = you.png; sourceTree = "<group>"; };
		F13845A2171C4DAF00E65047 /* DataCenter.h */ = {isa = PBXFileReference; fileEncoding = 4; lastKnownFileType = sourcecode.c.h; path = DataCenter.h; sourceTree = "<group>"; };
		F13845A3171C4DAF00E65047 /* DataCenter.m */ = {isa = PBXFileReference; fileEncoding = 4; lastKnownFileType = sourcecode.c.objc; path = DataCenter.m; sourceTree = "<group>"; };
		F13845A4171C4DAF00E65047 /* ContactClass.h */ = {isa = PBXFileReference; fileEncoding = 4; lastKnownFileType = sourcecode.c.h; path = ContactClass.h; sourceTree = "<group>"; };
		F13845A5171C4DAF00E65047 /* ContactClass.m */ = {isa = PBXFileReference; fileEncoding = 4; lastKnownFileType = sourcecode.c.objc; path = ContactClass.m; sourceTree = "<group>"; };
		F13845A6171C4DAF00E65047 /* BackgroundService.h */ = {isa = PBXFileReference; fileEncoding = 4; lastKnownFileType = sourcecode.c.h; path = BackgroundService.h; sourceTree = "<group>"; };
		F13845A7171C4DAF00E65047 /* BackgroundService.m */ = {isa = PBXFileReference; fileEncoding = 4; lastKnownFileType = sourcecode.c.objc; path = BackgroundService.m; sourceTree = "<group>"; };
		F13845AC171C4E0900E65047 /* Waiting.h */ = {isa = PBXFileReference; fileEncoding = 4; lastKnownFileType = sourcecode.c.h; path = Waiting.h; sourceTree = "<group>"; };
		F13845AD171C4E0900E65047 /* Waiting.m */ = {isa = PBXFileReference; fileEncoding = 4; lastKnownFileType = sourcecode.c.objc; path = Waiting.m; sourceTree = "<group>"; };
		F13845AE171C4E0900E65047 /* Waiting.xib */ = {isa = PBXFileReference; fileEncoding = 4; lastKnownFileType = file.xib; path = Waiting.xib; sourceTree = "<group>"; };
		F13845AF171C4E0900E65047 /* SendSmsTip.xib */ = {isa = PBXFileReference; fileEncoding = 4; lastKnownFileType = file.xib; path = SendSmsTip.xib; sourceTree = "<group>"; };
		F13845B4171C4E5A00E65047 /* SectionHeader.h */ = {isa = PBXFileReference; fileEncoding = 4; lastKnownFileType = sourcecode.c.h; path = SectionHeader.h; sourceTree = "<group>"; };
		F13845B5171C4E5A00E65047 /* SectionHeader.m */ = {isa = PBXFileReference; fileEncoding = 4; lastKnownFileType = sourcecode.c.objc; path = SectionHeader.m; sourceTree = "<group>"; };
		F13845B6171C4E5A00E65047 /* SectionHeader.xib */ = {isa = PBXFileReference; fileEncoding = 4; lastKnownFileType = file.xib; path = SectionHeader.xib; sourceTree = "<group>"; };
		F13845B7171C4E5A00E65047 /* CommonUse.h */ = {isa = PBXFileReference; fileEncoding = 4; lastKnownFileType = sourcecode.c.h; path = CommonUse.h; sourceTree = "<group>"; };
		F13845B8171C4E5A00E65047 /* CommonUse.m */ = {isa = PBXFileReference; fileEncoding = 4; lastKnownFileType = sourcecode.c.objc; path = CommonUse.m; sourceTree = "<group>"; };
		F13845B9171C4E5A00E65047 /* CommonUse.xib */ = {isa = PBXFileReference; fileEncoding = 4; lastKnownFileType = file.xib; path = CommonUse.xib; sourceTree = "<group>"; };
		F13845BA171C4E5A00E65047 /* NewCommonItem.h */ = {isa = PBXFileReference; fileEncoding = 4; lastKnownFileType = sourcecode.c.h; path = NewCommonItem.h; sourceTree = "<group>"; };
		F13845BB171C4E5A00E65047 /* NewCommonItem.m */ = {isa = PBXFileReference; fileEncoding = 4; lastKnownFileType = sourcecode.c.objc; path = NewCommonItem.m; sourceTree = "<group>"; };
		F13845BC171C4E5A00E65047 /* NewCommonItem.xib */ = {isa = PBXFileReference; fileEncoding = 4; lastKnownFileType = file.xib; path = NewCommonItem.xib; sourceTree = "<group>"; };
		F13845C3171C4E7800E65047 /* FriendTableCell.h */ = {isa = PBXFileReference; fileEncoding = 4; lastKnownFileType = sourcecode.c.h; path = FriendTableCell.h; sourceTree = "<group>"; };
		F13845C4171C4E7800E65047 /* FriendTableCell.m */ = {isa = PBXFileReference; fileEncoding = 4; lastKnownFileType = sourcecode.c.objc; path = FriendTableCell.m; sourceTree = "<group>"; };
		F13845C5171C4E7800E65047 /* FriendTableCell.xib */ = {isa = PBXFileReference; fileEncoding = 4; lastKnownFileType = file.xib; path = FriendTableCell.xib; sourceTree = "<group>"; };
		F13845C8171C543E00E65047 /* head.png */ = {isa = PBXFileReference; lastKnownFileType = image.png; path = head.png; sourceTree = "<group>"; };
		F13845CA171C54D300E65047 /* arrow.png */ = {isa = PBXFileReference; lastKnownFileType = image.png; path = arrow.png; sourceTree = "<group>"; };
		F13845CC171C562400E65047 /* PersonCenter.h */ = {isa = PBXFileReference; fileEncoding = 4; lastKnownFileType = sourcecode.c.h; path = PersonCenter.h; sourceTree = "<group>"; };
		F13845CD171C562400E65047 /* PersonCenter.m */ = {isa = PBXFileReference; fileEncoding = 4; lastKnownFileType = sourcecode.c.objc; path = PersonCenter.m; sourceTree = "<group>"; };
		F13845CE171C562400E65047 /* PersonCenter.xib */ = {isa = PBXFileReference; fileEncoding = 4; lastKnownFileType = file.xib; path = PersonCenter.xib; sourceTree = "<group>"; };
		F19F35C1171D8AEB00784431 /* xla.png */ = {isa = PBXFileReference; lastKnownFileType = image.png; path = xla.png; sourceTree = "<group>"; };
		F19F35C3171D8B0600784431 /* bubbleSelf.png */ = {isa = PBXFileReference; lastKnownFileType = image.png; path = bubbleSelf.png; sourceTree = "<group>"; };
		F19F35C5171D8B1F00784431 /* jt.png */ = {isa = PBXFileReference; lastKnownFileType = image.png; path = jt.png; sourceTree = "<group>"; };
		F19F35C7171D8B3900784431 /* kuang.png */ = {isa = PBXFileReference; lastKnownFileType = image.png; path = kuang.png; sourceTree = "<group>"; };
		F19F35C9171D8B4400784431 /* buttonBG.png */ = {isa = PBXFileReference; lastKnownFileType = image.png; path = buttonBG.png; sourceTree = "<group>"; };
		F19F35CB171D8B4B00784431 /* tj.png */ = {isa = PBXFileReference; lastKnownFileType = image.png; path = tj.png; sourceTree = "<group>"; };
		F19F35CD171D8FA200784431 /* xk.png */ = {isa = PBXFileReference; lastKnownFileType = image.png; path = xk.png; sourceTree = "<group>"; };
		F19F35CF171D91EE00784431 /* search.png */ = {isa = PBXFileReference; lastKnownFileType = image.png; path = search.png; sourceTree = "<group>"; };
		F19F35D0171D91EE00784431 /* toolbar_find.png */ = {isa = PBXFileReference; lastKnownFileType = image.png; path = toolbar_find.png; sourceTree = "<group>"; };
		F19F35D3171D964600784431 /* wordsDic.plist */ = {isa = PBXFileReference; fileEncoding = 4; lastKnownFileType = text.plist.xml; path = wordsDic.plist; sourceTree = "<group>"; };
		F19F35D5171D96FD00784431 /* AddressBook.framework */ = {isa = PBXFileReference; lastKnownFileType = wrapper.framework; name = AddressBook.framework; path = System/Library/Frameworks/AddressBook.framework; sourceTree = SDKROOT; };
		F19F35D7171D971600784431 /* AddressBookUI.framework */ = {isa = PBXFileReference; lastKnownFileType = wrapper.framework; name = AddressBookUI.framework; path = System/Library/Frameworks/AddressBookUI.framework; sourceTree = SDKROOT; };
		F19F35D9171D971F00784431 /* MessageUI.framework */ = {isa = PBXFileReference; lastKnownFileType = wrapper.framework; name = MessageUI.framework; path = System/Library/Frameworks/MessageUI.framework; sourceTree = SDKROOT; };
		F19F35DD171D97D000784431 /* bddh.png */ = {isa = PBXFileReference; lastKnownFileType = image.png; path = bddh.png; sourceTree = "<group>"; };
		F19F35DE171D97D000784431 /* button-hui.png */ = {isa = PBXFileReference; lastKnownFileType = image.png; path = "button-hui.png"; sourceTree = "<group>"; };
		F19F35DF171D97D000784431 /* fdx.png */ = {isa = PBXFileReference; lastKnownFileType = image.png; path = fdx.png; sourceTree = "<group>"; };
		F19F35E0171D97D000784431 /* fs.png */ = {isa = PBXFileReference; lastKnownFileType = image.png; path = fs.png; sourceTree = "<group>"; };
		F19F35E1171D97D000784431 /* ghtx.png */ = {isa = PBXFileReference; lastKnownFileType = image.png; path = ghtx.png; sourceTree = "<group>"; };
		F19F35E2171D97D000784431 /* k-bottom.png */ = {isa = PBXFileReference; lastKnownFileType = image.png; path = "k-bottom.png"; sourceTree = "<group>"; };
		F19F35E3171D97D000784431 /* k-center.png */ = {isa = PBXFileReference; lastKnownFileType = image.png; path = "k-center.png"; sourceTree = "<group>"; };
		F19F35E4171D97D000784431 /* k-top.png */ = {isa = PBXFileReference; lastKnownFileType = image.png; path = "k-top.png"; sourceTree = "<group>"; };
		F19F35E6171D97D000784431 /* Personline.png */ = {isa = PBXFileReference; lastKnownFileType = image.png; path = Personline.png; sourceTree = "<group>"; };
		F19F35E7171D97D000784431 /* phone.png */ = {isa = PBXFileReference; lastKnownFileType = image.png; path = phone.png; sourceTree = "<group>"; };
		F19F35E8171D97D000784431 /* rignt-green.png */ = {isa = PBXFileReference; lastKnownFileType = image.png; path = "rignt-green.png"; sourceTree = "<group>"; };
		F19F35E9171D97D000784431 /* rignt-hui.png */ = {isa = PBXFileReference; lastKnownFileType = image.png; path = "rignt-hui.png"; sourceTree = "<group>"; };
		F19F35EA171D97D000784431 /* xu-left-and-right.png */ = {isa = PBXFileReference; lastKnownFileType = image.png; path = "xu-left-and-right.png"; sourceTree = "<group>"; };
		F19F35EB171D97D000784431 /* xu-top and bottom.png */ = {isa = PBXFileReference; lastKnownFileType = image.png; path = "xu-top and bottom.png"; sourceTree = "<group>"; };
		F19F35FB171D97DC00784431 /* person.png */ = {isa = PBXFileReference; lastKnownFileType = image.png; path = person.png; sourceTree = "<group>"; };
		F19F35FF171D9EA800784431 /* PersonCell.h */ = {isa = PBXFileReference; fileEncoding = 4; lastKnownFileType = sourcecode.c.h; path = PersonCell.h; sourceTree = "<group>"; };
		F19F3600171D9EA800784431 /* PersonCell.m */ = {isa = PBXFileReference; fileEncoding = 4; lastKnownFileType = sourcecode.c.objc; path = PersonCell.m; sourceTree = "<group>"; };
		F19F3602171D9F5000784431 /* PersonCell.xib */ = {isa = PBXFileReference; fileEncoding = 4; lastKnownFileType = file.xib; path = PersonCell.xib; sourceTree = "<group>"; };
		F1C04670171EF38800CB0B23 /* search-1.png */ = {isa = PBXFileReference; lastKnownFileType = image.png; path = "search-1.png"; sourceTree = "<group>"; };
		F1C04672171EF85C00CB0B23 /* tip.png */ = {isa = PBXFileReference; lastKnownFileType = image.png; path = tip.png; sourceTree = "<group>"; };
		F1C04674171EF8E300CB0B23 /* SearchViewController.h */ = {isa = PBXFileReference; fileEncoding = 4; lastKnownFileType = sourcecode.c.h; path = SearchViewController.h; sourceTree = "<group>"; };
		F1C04675171EF8E300CB0B23 /* SearchViewController.m */ = {isa = PBXFileReference; fileEncoding = 4; lastKnownFileType = sourcecode.c.objc; path = SearchViewController.m; sourceTree = "<group>"; };
		F1C04676171EF8E300CB0B23 /* SearchViewController.xib */ = {isa = PBXFileReference; fileEncoding = 4; lastKnownFileType = file.xib; path = SearchViewController.xib; sourceTree = "<group>"; };
/* End PBXFileReference section */

/* Begin PBXFrameworksBuildPhase section */
		399BB5AE171B9ECC00A133D6 /* Frameworks */ = {
			isa = PBXFrameworksBuildPhase;
			buildActionMask = 2147483647;
			files = (
				F19F35DA171D971F00784431 /* MessageUI.framework in Frameworks */,
				F19F35D8171D971600784431 /* AddressBookUI.framework in Frameworks */,
				F19F35D6171D96FD00784431 /* AddressBook.framework in Frameworks */,
				399BB5B5171B9ECC00A133D6 /* UIKit.framework in Frameworks */,
				399BB5B7171B9ECC00A133D6 /* Foundation.framework in Frameworks */,
				399BB5B9171B9ECC00A133D6 /* CoreGraphics.framework in Frameworks */,
			);
			runOnlyForDeploymentPostprocessing = 0;
		};
/* End PBXFrameworksBuildPhase section */

/* Begin PBXGroup section */
		399BB5A8171B9ECC00A133D6 = {
			isa = PBXGroup;
			children = (
				F19F35D9171D971F00784431 /* MessageUI.framework */,
				F19F35D7171D971600784431 /* AddressBookUI.framework */,
				F19F35D5171D96FD00784431 /* AddressBook.framework */,
				399BB5BA171B9ECC00A133D6 /* PhoneLocation */,
				399BB5B3171B9ECC00A133D6 /* Frameworks */,
				399BB5B2171B9ECC00A133D6 /* Products */,
			);
			sourceTree = "<group>";
		};
		399BB5B2171B9ECC00A133D6 /* Products */ = {
			isa = PBXGroup;
			children = (
				399BB5B1171B9ECC00A133D6 /* PhoneLocation.app */,
			);
			name = Products;
			sourceTree = "<group>";
		};
		399BB5B3171B9ECC00A133D6 /* Frameworks */ = {
			isa = PBXGroup;
			children = (
				399BB5B4171B9ECC00A133D6 /* UIKit.framework */,
				399BB5B6171B9ECC00A133D6 /* Foundation.framework */,
				399BB5B8171B9ECC00A133D6 /* CoreGraphics.framework */,
			);
			name = Frameworks;
			sourceTree = "<group>";
		};
		399BB5BA171B9ECC00A133D6 /* PhoneLocation */ = {
			isa = PBXGroup;
			children = (
				F13845B3171C4E4B00E65047 /* 常用短信 */,
				F13845AB171C4DF500E65047 /* 辅助 */,
				F13845A1171C4D8C00E65047 /* 数据 */,
				F19F35FD171D9E2400784431 /* 首页 */,
				F19F35FE171D9E7300784431 /* 个人中心 */,
				399BB5BB171B9ECC00A133D6 /* Supporting Files */,
			);
			path = PhoneLocation;
			sourceTree = "<group>";
		};
		399BB5BB171B9ECC00A133D6 /* Supporting Files */ = {
			isa = PBXGroup;
			children = (
				F19F35DC171D97BE00784431 /* Person */,
				F19F35DB171D97A700784431 /* general */,
				F19F35D3171D964600784431 /* wordsDic.plist */,
				399BB5BC171B9ECC00A133D6 /* PhoneLocation-Info.plist */,
				399BB5BD171B9ECC00A133D6 /* InfoPlist.strings */,
				399BB5C0171B9ECC00A133D6 /* main.m */,
				399BB5C2171B9ECC00A133D6 /* PhoneLocation-Prefix.pch */,
				399BB5C6171B9ECC00A133D6 /* Default.png */,
				399BB5C8171B9ECC00A133D6 /* Default@2x.png */,
				399BB5CA171B9ECC00A133D6 /* Default-568h@2x.png */,
			);
			name = "Supporting Files";
			sourceTree = "<group>";
		};
		F13845A1171C4D8C00E65047 /* 数据 */ = {
			isa = PBXGroup;
			children = (
				F13845A2171C4DAF00E65047 /* DataCenter.h */,
				F13845A3171C4DAF00E65047 /* DataCenter.m */,
				F13845A4171C4DAF00E65047 /* ContactClass.h */,
				F13845A5171C4DAF00E65047 /* ContactClass.m */,
				F13845A6171C4DAF00E65047 /* BackgroundService.h */,
				F13845A7171C4DAF00E65047 /* BackgroundService.m */,
			);
			name = "数据";
			sourceTree = "<group>";
		};
		F13845AB171C4DF500E65047 /* 辅助 */ = {
			isa = PBXGroup;
			children = (
				F13845AC171C4E0900E65047 /* Waiting.h */,
				F13845AD171C4E0900E65047 /* Waiting.m */,
				F13845AE171C4E0900E65047 /* Waiting.xib */,
				F13845AF171C4E0900E65047 /* SendSmsTip.xib */,
			);
			name = "辅助";
			sourceTree = "<group>";
		};
		F13845B3171C4E4B00E65047 /* 常用短信 */ = {
			isa = PBXGroup;
			children = (
				F13845B4171C4E5A00E65047 /* SectionHeader.h */,
				F13845B5171C4E5A00E65047 /* SectionHeader.m */,
				F13845B6171C4E5A00E65047 /* SectionHeader.xib */,
				F13845B7171C4E5A00E65047 /* CommonUse.h */,
				F13845B8171C4E5A00E65047 /* CommonUse.m */,
				F13845B9171C4E5A00E65047 /* CommonUse.xib */,
				F13845BA171C4E5A00E65047 /* NewCommonItem.h */,
				F13845BB171C4E5A00E65047 /* NewCommonItem.m */,
				F13845BC171C4E5A00E65047 /* NewCommonItem.xib */,
			);
			name = "常用短信";
			sourceTree = "<group>";
		};
		F19F35DB171D97A700784431 /* general */ = {
			isa = PBXGroup;
			children = (
				F1C04672171EF85C00CB0B23 /* tip.png */,
				F1C04670171EF38800CB0B23 /* search-1.png */,
				F19F35CF171D91EE00784431 /* search.png */,
				F19F35D0171D91EE00784431 /* toolbar_find.png */,
				F19F35CD171D8FA200784431 /* xk.png */,
				F19F35CB171D8B4B00784431 /* tj.png */,
				F19F35C9171D8B4400784431 /* buttonBG.png */,
				F19F35C7171D8B3900784431 /* kuang.png */,
				F19F35C3171D8B0600784431 /* bubbleSelf.png */,
				F19F35C5171D8B1F00784431 /* jt.png */,
				F19F35C1171D8AEB00784431 /* xla.png */,
				F13845CA171C54D300E65047 /* arrow.png */,
				F13845C8171C543E00E65047 /* head.png */,
				F1384597171C492C00E65047 /* line.png */,
				F138459D171C494900E65047 /* xiala.png */,
				F138459E171C494900E65047 /* you.png */,
				F138459B171C493900E65047 /* topback.png */,
				F1384598171C492C00E65047 /* nav.png */,
				F1384595171C47F700E65047 /* bg.png */,
			);
			name = general;
			sourceTree = "<group>";
		};
		F19F35DC171D97BE00784431 /* Person */ = {
			isa = PBXGroup;
			children = (
				F19F35FB171D97DC00784431 /* person.png */,
				F19F35DD171D97D000784431 /* bddh.png */,
				F19F35DE171D97D000784431 /* button-hui.png */,
				F19F35DF171D97D000784431 /* fdx.png */,
				F19F35E0171D97D000784431 /* fs.png */,
				F19F35E1171D97D000784431 /* ghtx.png */,
				F19F35E2171D97D000784431 /* k-bottom.png */,
				F19F35E3171D97D000784431 /* k-center.png */,
				F19F35E4171D97D000784431 /* k-top.png */,
				F19F35E6171D97D000784431 /* Personline.png */,
				F19F35E7171D97D000784431 /* phone.png */,
				F19F35E8171D97D000784431 /* rignt-green.png */,
				F19F35E9171D97D000784431 /* rignt-hui.png */,
				F19F35EA171D97D000784431 /* xu-left-and-right.png */,
				F19F35EB171D97D000784431 /* xu-top and bottom.png */,
			);
			name = Person;
			sourceTree = "<group>";
		};
		F19F35FD171D9E2400784431 /* 首页 */ = {
			isa = PBXGroup;
			children = (
				399BB5C3171B9ECC00A133D6 /* AppDelegate.h */,
				399BB5C4171B9ECC00A133D6 /* AppDelegate.m */,
				F13845C3171C4E7800E65047 /* FriendTableCell.h */,
				F13845C4171C4E7800E65047 /* FriendTableCell.m */,
				F13845C5171C4E7800E65047 /* FriendTableCell.xib */,
				399BB5CC171B9ECC00A133D6 /* ViewController.h */,
				399BB5CD171B9ECC00A133D6 /* ViewController.m */,
				399BB5CF171B9ECC00A133D6 /* ViewController.xib */,
				F1C04674171EF8E300CB0B23 /* SearchViewController.h */,
				F1C04675171EF8E300CB0B23 /* SearchViewController.m */,
				F1C04676171EF8E300CB0B23 /* SearchViewController.xib */,
			);
			name = "首页";
			sourceTree = "<group>";
		};
		F19F35FE171D9E7300784431 /* 个人中心 */ = {
			isa = PBXGroup;
			children = (
				F13845CC171C562400E65047 /* PersonCenter.h */,
				F13845CD171C562400E65047 /* PersonCenter.m */,
				F13845CE171C562400E65047 /* PersonCenter.xib */,
				F19F35FF171D9EA800784431 /* PersonCell.h */,
				F19F3600171D9EA800784431 /* PersonCell.m */,
				F19F3602171D9F5000784431 /* PersonCell.xib */,
			);
			name = "个人中心";
			sourceTree = "<group>";
		};
/* End PBXGroup section */

/* Begin PBXNativeTarget section */
		399BB5B0171B9ECC00A133D6 /* PhoneLocation */ = {
			isa = PBXNativeTarget;
			buildConfigurationList = 399BB5D4171B9ECC00A133D6 /* Build configuration list for PBXNativeTarget "PhoneLocation" */;
			buildPhases = (
				399BB5AD171B9ECC00A133D6 /* Sources */,
				399BB5AE171B9ECC00A133D6 /* Frameworks */,
				399BB5AF171B9ECC00A133D6 /* Resources */,
			);
			buildRules = (
			);
			dependencies = (
			);
			name = PhoneLocation;
			productName = PhoneLocation;
			productReference = 399BB5B1171B9ECC00A133D6 /* PhoneLocation.app */;
			productType = "com.apple.product-type.application";
		};
/* End PBXNativeTarget section */

/* Begin PBXProject section */
		399BB5A9171B9ECC00A133D6 /* Project object */ = {
			isa = PBXProject;
			attributes = {
				LastUpgradeCheck = 0460;
				ORGANIZATIONNAME = NanaZhang;
			};
			buildConfigurationList = 399BB5AC171B9ECC00A133D6 /* Build configuration list for PBXProject "PhoneLocation" */;
			compatibilityVersion = "Xcode 3.2";
			developmentRegion = English;
			hasScannedForEncodings = 0;
			knownRegions = (
				en,
			);
			mainGroup = 399BB5A8171B9ECC00A133D6;
			productRefGroup = 399BB5B2171B9ECC00A133D6 /* Products */;
			projectDirPath = "";
			projectRoot = "";
			targets = (
				399BB5B0171B9ECC00A133D6 /* PhoneLocation */,
			);
		};
/* End PBXProject section */

/* Begin PBXResourcesBuildPhase section */
		399BB5AF171B9ECC00A133D6 /* Resources */ = {
			isa = PBXResourcesBuildPhase;
			buildActionMask = 2147483647;
			files = (
				399BB5BF171B9ECC00A133D6 /* InfoPlist.strings in Resources */,
				399BB5C7171B9ECC00A133D6 /* Default.png in Resources */,
				399BB5C9171B9ECC00A133D6 /* Default@2x.png in Resources */,
				399BB5CB171B9ECC00A133D6 /* Default-568h@2x.png in Resources */,
				399BB5D1171B9ECC00A133D6 /* ViewController.xib in Resources */,
				F1384596171C47F700E65047 /* bg.png in Resources */,
				F1384599171C492C00E65047 /* line.png in Resources */,
				F138459A171C492C00E65047 /* nav.png in Resources */,
				F138459C171C493900E65047 /* topback.png in Resources */,
				F138459F171C494900E65047 /* xiala.png in Resources */,
				F13845A0171C494900E65047 /* you.png in Resources */,
				F13845B1171C4E0900E65047 /* Waiting.xib in Resources */,
				F13845B2171C4E0900E65047 /* SendSmsTip.xib in Resources */,
				F13845BE171C4E5A00E65047 /* SectionHeader.xib in Resources */,
				F13845C0171C4E5A00E65047 /* CommonUse.xib in Resources */,
				F13845C2171C4E5A00E65047 /* NewCommonItem.xib in Resources */,
				F13845C7171C4E7800E65047 /* FriendTableCell.xib in Resources */,
				F13845C9171C543E00E65047 /* head.png in Resources */,
				F13845CB171C54D300E65047 /* arrow.png in Resources */,
				F13845D0171C562400E65047 /* PersonCenter.xib in Resources */,
				F19F35C2171D8AEB00784431 /* xla.png in Resources */,
				F19F35C4171D8B0600784431 /* bubbleSelf.png in Resources */,
				F19F35C6171D8B1F00784431 /* jt.png in Resources */,
				F19F35C8171D8B3900784431 /* kuang.png in Resources */,
				F19F35CA171D8B4400784431 /* buttonBG.png in Resources */,
				F19F35CC171D8B4B00784431 /* tj.png in Resources */,
				F19F35CE171D8FA200784431 /* xk.png in Resources */,
				F19F35D1171D91EF00784431 /* search.png in Resources */,
				F19F35D2171D91EF00784431 /* toolbar_find.png in Resources */,
				F19F35D4171D964700784431 /* wordsDic.plist in Resources */,
				F19F35EC171D97D000784431 /* bddh.png in Resources */,
				F19F35ED171D97D000784431 /* button-hui.png in Resources */,
				F19F35EE171D97D000784431 /* fdx.png in Resources */,
				F19F35EF171D97D000784431 /* fs.png in Resources */,
				F19F35F0171D97D000784431 /* ghtx.png in Resources */,
				F19F35F1171D97D000784431 /* k-bottom.png in Resources */,
				F19F35F2171D97D000784431 /* k-center.png in Resources */,
				F19F35F3171D97D000784431 /* k-top.png in Resources */,
				F19F35F5171D97D000784431 /* Personline.png in Resources */,
				F19F35F6171D97D000784431 /* phone.png in Resources */,
				F19F35F7171D97D000784431 /* rignt-green.png in Resources */,
				F19F35F8171D97D000784431 /* rignt-hui.png in Resources */,
				F19F35F9171D97D000784431 /* xu-left-and-right.png in Resources */,
				F19F35FA171D97D000784431 /* xu-top and bottom.png in Resources */,
				F19F35FC171D97DC00784431 /* person.png in Resources */,
				F19F3603171D9F5000784431 /* PersonCell.xib in Resources */,
				F1C04671171EF38800CB0B23 /* search-1.png in Resources */,
				F1C04673171EF85C00CB0B23 /* tip.png in Resources */,
				F1C04678171EF8E300CB0B23 /* SearchViewController.xib in Resources */,
			);
			runOnlyForDeploymentPostprocessing = 0;
		};
/* End PBXResourcesBuildPhase section */

/* Begin PBXSourcesBuildPhase section */
		399BB5AD171B9ECC00A133D6 /* Sources */ = {
			isa = PBXSourcesBuildPhase;
			buildActionMask = 2147483647;
			files = (
				399BB5C1171B9ECC00A133D6 /* main.m in Sources */,
				399BB5C5171B9ECC00A133D6 /* AppDelegate.m in Sources */,
				399BB5CE171B9ECC00A133D6 /* ViewController.m in Sources */,
				F13845A8171C4DAF00E65047 /* DataCenter.m in Sources */,
				F13845A9171C4DAF00E65047 /* ContactClass.m in Sources */,
				F13845AA171C4DAF00E65047 /* BackgroundService.m in Sources */,
				F13845B0171C4E0900E65047 /* Waiting.m in Sources */,
				F13845BD171C4E5A00E65047 /* SectionHeader.m in Sources */,
				F13845BF171C4E5A00E65047 /* CommonUse.m in Sources */,
				F13845C1171C4E5A00E65047 /* NewCommonItem.m in Sources */,
				F13845C6171C4E7800E65047 /* FriendTableCell.m in Sources */,
				F13845CF171C562400E65047 /* PersonCenter.m in Sources */,
				F19F3601171D9EA800784431 /* PersonCell.m in Sources */,
				F1C04677171EF8E300CB0B23 /* SearchViewController.m in Sources */,
			);
			runOnlyForDeploymentPostprocessing = 0;
		};
/* End PBXSourcesBuildPhase section */

/* Begin PBXVariantGroup section */
		399BB5BD171B9ECC00A133D6 /* InfoPlist.strings */ = {
			isa = PBXVariantGroup;
			children = (
				399BB5BE171B9ECC00A133D6 /* en */,
			);
			name = InfoPlist.strings;
			sourceTree = "<group>";
		};
		399BB5CF171B9ECC00A133D6 /* ViewController.xib */ = {
			isa = PBXVariantGroup;
			children = (
				399BB5D0171B9ECC00A133D6 /* en */,
			);
			name = ViewController.xib;
			sourceTree = "<group>";
		};
/* End PBXVariantGroup section */

/* Begin XCBuildConfiguration section */
		399BB5D2171B9ECC00A133D6 /* Debug */ = {
			isa = XCBuildConfiguration;
			buildSettings = {
				ALWAYS_SEARCH_USER_PATHS = NO;
				CLANG_CXX_LANGUAGE_STANDARD = "gnu++0x";
				CLANG_CXX_LIBRARY = "libc++";
				CLANG_ENABLE_OBJC_ARC = YES;
				CLANG_WARN_CONSTANT_CONVERSION = YES;
				CLANG_WARN_EMPTY_BODY = YES;
				CLANG_WARN_ENUM_CONVERSION = YES;
				CLANG_WARN_INT_CONVERSION = YES;
				CLANG_WARN__DUPLICATE_METHOD_MATCH = YES;
				"CODE_SIGN_IDENTITY[sdk=iphoneos*]" = "iPhone Developer";
				COPY_PHASE_STRIP = NO;
				GCC_C_LANGUAGE_STANDARD = gnu99;
				GCC_DYNAMIC_NO_PIC = NO;
				GCC_OPTIMIZATION_LEVEL = 0;
				GCC_PREPROCESSOR_DEFINITIONS = (
					"DEBUG=1",
					"$(inherited)",
				);
				GCC_SYMBOLS_PRIVATE_EXTERN = NO;
				GCC_WARN_ABOUT_RETURN_TYPE = YES;
				GCC_WARN_UNINITIALIZED_AUTOS = YES;
				GCC_WARN_UNUSED_VARIABLE = YES;
				IPHONEOS_DEPLOYMENT_TARGET = 6.1;
				ONLY_ACTIVE_ARCH = YES;
				SDKROOT = iphoneos;
			};
			name = Debug;
		};
		399BB5D3171B9ECC00A133D6 /* Release */ = {
			isa = XCBuildConfiguration;
			buildSettings = {
				ALWAYS_SEARCH_USER_PATHS = NO;
				CLANG_CXX_LANGUAGE_STANDARD = "gnu++0x";
				CLANG_CXX_LIBRARY = "libc++";
				CLANG_ENABLE_OBJC_ARC = YES;
				CLANG_WARN_CONSTANT_CONVERSION = YES;
				CLANG_WARN_EMPTY_BODY = YES;
				CLANG_WARN_ENUM_CONVERSION = YES;
				CLANG_WARN_INT_CONVERSION = YES;
				CLANG_WARN__DUPLICATE_METHOD_MATCH = YES;
				"CODE_SIGN_IDENTITY[sdk=iphoneos*]" = "iPhone Developer";
				COPY_PHASE_STRIP = YES;
				GCC_C_LANGUAGE_STANDARD = gnu99;
				GCC_WARN_ABOUT_RETURN_TYPE = YES;
				GCC_WARN_UNINITIALIZED_AUTOS = YES;
				GCC_WARN_UNUSED_VARIABLE = YES;
				IPHONEOS_DEPLOYMENT_TARGET = 6.1;
				OTHER_CFLAGS = "-DNS_BLOCK_ASSERTIONS=1";
				SDKROOT = iphoneos;
				VALIDATE_PRODUCT = YES;
			};
			name = Release;
		};
		399BB5D5171B9ECC00A133D6 /* Debug */ = {
			isa = XCBuildConfiguration;
			buildSettings = {
				GCC_PRECOMPILE_PREFIX_HEADER = YES;
				GCC_PREFIX_HEADER = "PhoneLocation/PhoneLocation-Prefix.pch";
				INFOPLIST_FILE = "PhoneLocation/PhoneLocation-Info.plist";
				PRODUCT_NAME = "$(TARGET_NAME)";
				WRAPPER_EXTENSION = app;
			};
			name = Debug;
		};
		399BB5D6171B9ECC00A133D6 /* Release */ = {
			isa = XCBuildConfiguration;
			buildSettings = {
				CODE_SIGN_IDENTITY = "iPhone Distribution";
				"CODE_SIGN_IDENTITY[sdk=iphoneos*]" = "iPhone Distribution";
				GCC_PRECOMPILE_PREFIX_HEADER = YES;
				GCC_PREFIX_HEADER = "PhoneLocation/PhoneLocation-Prefix.pch";
				INFOPLIST_FILE = "PhoneLocation/PhoneLocation-Info.plist";
				PRODUCT_NAME = "$(TARGET_NAME)";
				PROVISIONING_PROFILE = "";
				"PROVISIONING_PROFILE[sdk=iphoneos*]" = "";
				WRAPPER_EXTENSION = app;
			};
			name = Release;
		};
/* End XCBuildConfiguration section */

/* Begin XCConfigurationList section */
		399BB5AC171B9ECC00A133D6 /* Build configuration list for PBXProject "PhoneLocation" */ = {
			isa = XCConfigurationList;
			buildConfigurations = (
				399BB5D2171B9ECC00A133D6 /* Debug */,
				399BB5D3171B9ECC00A133D6 /* Release */,
			);
			defaultConfigurationIsVisible = 0;
			defaultConfigurationName = Release;
		};
		399BB5D4171B9ECC00A133D6 /* Build configuration list for PBXNativeTarget "PhoneLocation" */ = {
			isa = XCConfigurationList;
			buildConfigurations = (
				399BB5D5171B9ECC00A133D6 /* Debug */,
				399BB5D6171B9ECC00A133D6 /* Release */,
			);
			defaultConfigurationIsVisible = 0;
			defaultConfigurationName = Release;
		};
/* End XCConfigurationList section */
	};
	rootObject = 399BB5A9171B9ECC00A133D6 /* Project object */;
}
